
Microsoft Visual Studio Solution File, Format Version 12.00
# Visual Studio Version 17
VisualStudioVersion = 17.9.34407.89
MinimumVisualStudioVersion = 10.0.40219.1
Project("{FAE04EC0-301F-11D3-BF4B-00C04F79EFBC}") = "EmployeeManagementModels", "EmployeeManagementModels\EmployeeManagementModels.csproj", "{E5E2E1C8-23C4-449D-8B87-A9D1580E7BD2}"
EndProject
Project("{FAE04EC0-301F-11D3-BF4B-00C04F79EFBC}") = "EmployeeManagementWeb", "EmployeeManagementWeb\EmployeeManagementWeb.csproj", "{B5E5F226-8C55-4533-94DA-359D8B243883}"
EndProject
Project("{FAE04EC0-301F-11D3-BF4B-00C04F79EFBC}") = "EmployeeManagement.Api", "EmployeeManagement.Api\EmployeeManagement.Api.csproj", "{FFD0269D-8DAB-4942-A193-FF193F891E88}"
EndProject
Global
	GlobalSection(SolutionConfigurationPlatforms) = preSolution
		Debug|Any CPU = Debug|Any CPU
		Release|Any CPU = Release|Any CPU
	EndGlobalSection
	GlobalSection(ProjectConfigurationPlatforms) = postSolution
		{E5E2E1C8-23C4-449D-8B87-A9D1580E7BD2}.Debug|Any CPU.ActiveCfg = Debug|Any CPU
		{E5E2E1C8-23C4-449D-8B87-A9D1580E7BD2}.Debug|Any CPU.Build.0 = Debug|Any CPU
		{E5E2E1C8-23C4-449D-8B87-A9D1580E7BD2}.Release|Any CPU.ActiveCfg = Release|Any CPU
		{E5E2E1C8-23C4-449D-8B87-A9D1580E7BD2}.Release|Any CPU.Build.0 = Release|Any CPU
		{B5E5F226-8C55-4533-94DA-359D8B243883}.Debug|Any CPU.ActiveCfg = Debug|Any CPU
		{B5E5F226-8C55-4533-94DA-359D8B243883}.Debug|Any CPU.Build.0 = Debug|Any CPU
		{B5E5F226-8C55-4533-94DA-359D8B243883}.Release|Any CPU.ActiveCfg = Release|Any CPU
		{B5E5F226-8C55-4533-94DA-359D8B243883}.Release|Any CPU.Build.0 = Release|Any CPU
		{FFD0269D-8DAB-4942-A193-FF193F891E88}.Debug|Any CPU.ActiveCfg = Debug|Any CPU
		{FFD0269D-8DAB-4942-A193-FF193F891E88}.Debug|Any CPU.Build.0 = Debug|Any CPU
		{FFD0269D-8DAB-4942-A193-FF193F891E88}.Release|Any CPU.ActiveCfg = Release|Any CPU
		{FFD0269D-8DAB-4942-A193-FF193F891E88}.Release|Any CPU.Build.0 = Release|Any CPU
	EndGlobalSection
	GlobalSection(SolutionProperties) = preSolution
		HideSolutionNode = FALSE
	EndGlobalSection
	GlobalSection(ExtensibilityGlobals) = postSolution
		SolutionGuid = {F5AA5CB2-5E24-4457-B8C5-A9BCB2B58272}
	EndGlobalSection
EndGlobal
